
Microsoft Visual Studio Solution File, Format Version 12.00
# Visual Studio 15
VisualStudioVersion = 15.0.28307.1800
MinimumVisualStudioVersion = 10.0.40219.1
Project("{FAE04EC0-301F-11D3-BF4B-00C04F79EFBC}") = "Calculator", "Calculator\Calculator.csproj", "{3487016B-98A5-4904-9F39-95E62AE34334}"
EndProject
Global
	GlobalSection(SolutionConfigurationPlatforms) = preSolution
		Debug|Any CPU = Debug|Any CPU
		Release|Any CPU = Release|Any CPU
	EndGlobalSection
	GlobalSection(ProjectConfigurationPlatforms) = postSolution
		{3487016B-98A5-4904-9F39-95E62AE34334}.Debug|Any CPU.ActiveCfg = Debug|Any CPU
		{3487016B-98A5-4904-9F39-95E62AE34334}.Debug|Any CPU.Build.0 = Debug|Any CPU
		{3487016B-98A5-4904-9F39-95E62AE34334}.Release|Any CPU.ActiveCfg = Release|Any CPU
		{3487016B-98A5-4904-9F39-95E62AE34334}.Release|Any CPU.Build.0 = Release|Any CPU
	EndGlobalSection
	GlobalSection(SolutionProperties) = preSolution
		HideSolutionNode = FALSE
	EndGlobalSection
	GlobalSection(ExtensibilityGlobals) = postSolution
		SolutionGuid = {E77F242B-DABF-4F1C-92CA-5F4C20073F0F}
	EndGlobalSection
EndGlobal
